
Microsoft Visual Studio Solution File, Format Version 12.00
# Visual Studio Version 16
VisualStudioVersion = 16.0.31729.503
MinimumVisualStudioVersion = 10.0.40219.1
Project("{9A19103F-16F7-4668-BE54-9A1E7A4F7556}") = "HRSystemCoreAPI", "HRSystemCoreAPI\HRSystemCoreAPI.csproj", "{F8828AA9-1F7D-4C4E-92F9-B0B3FA97D703}"
EndProject
Global
	GlobalSection(SolutionConfigurationPlatforms) = preSolution
		Debug|Any CPU = Debug|Any CPU
		Release|Any CPU = Release|Any CPU
	EndGlobalSection
	GlobalSection(ProjectConfigurationPlatforms) = postSolution
		{F8828AA9-1F7D-4C4E-92F9-B0B3FA97D703}.Debug|Any CPU.ActiveCfg = Debug|Any CPU
		{F8828AA9-1F7D-4C4E-92F9-B0B3FA97D703}.Debug|Any CPU.Build.0 = Debug|Any CPU
		{F8828AA9-1F7D-4C4E-92F9-B0B3FA97D703}.Release|Any CPU.ActiveCfg = Release|Any CPU
		{F8828AA9-1F7D-4C4E-92F9-B0B3FA97D703}.Release|Any CPU.Build.0 = Release|Any CPU
	EndGlobalSection
	GlobalSection(SolutionProperties) = preSolution
		HideSolutionNode = FALSE
	EndGlobalSection
	GlobalSection(ExtensibilityGlobals) = postSolution
		SolutionGuid = {1A0DBA1F-D26B-45A6-A66A-C5296FAEB9B3}
	EndGlobalSection
EndGlobal
